
Microsoft Visual Studio Solution File, Format Version 12.00
# Visual Studio Version 16
VisualStudioVersion = 16.0.31410.357
MinimumVisualStudioVersion = 10.0.40219.1
Project("{9A19103F-16F7-4668-BE54-9A1E7A4F7556}") = "LeapActivityTracker", "LeapActivityTracker\LeapActivityTracker.csproj", "{D8D8EABA-E494-4B0A-9311-E33FB445DF71}"
EndProject
Project("{9A19103F-16F7-4668-BE54-9A1E7A4F7556}") = "LeapActivityTracker.Core", "LeapActivityTracker.Core\LeapActivityTracker.Core.csproj", "{CCA7C947-BC49-45CA-BDD6-58324A896B56}"
EndProject
Project("{9A19103F-16F7-4668-BE54-9A1E7A4F7556}") = "LeapActivityTracker.Infrastructure", "LeapActivityTracker.Infrastructure\LeapActivityTracker.Infrastructure.csproj", "{12478527-6EC7-41F0-81C5-F50B0727579B}"
EndProject
Project("{FAE04EC0-301F-11D3-BF4B-00C04F79EFBC}") = "LeapActivityTracker.UnitTests", "LeapActivityTracker.UnitTest\LeapActivityTracker.UnitTests.csproj", "{F115B581-E377-438C-991B-94CA867E8DC2}"
EndProject
Global
	GlobalSection(SolutionConfigurationPlatforms) = preSolution
		Debug|Any CPU = Debug|Any CPU
		Release|Any CPU = Release|Any CPU
	EndGlobalSection
	GlobalSection(ProjectConfigurationPlatforms) = postSolution
		{D8D8EABA-E494-4B0A-9311-E33FB445DF71}.Debug|Any CPU.ActiveCfg = Debug|Any CPU
		{D8D8EABA-E494-4B0A-9311-E33FB445DF71}.Debug|Any CPU.Build.0 = Debug|Any CPU
		{D8D8EABA-E494-4B0A-9311-E33FB445DF71}.Release|Any CPU.ActiveCfg = Release|Any CPU
		{D8D8EABA-E494-4B0A-9311-E33FB445DF71}.Release|Any CPU.Build.0 = Release|Any CPU
		{CCA7C947-BC49-45CA-BDD6-58324A896B56}.Debug|Any CPU.ActiveCfg = Debug|Any CPU
		{CCA7C947-BC49-45CA-BDD6-58324A896B56}.Debug|Any CPU.Build.0 = Debug|Any CPU
		{CCA7C947-BC49-45CA-BDD6-58324A896B56}.Release|Any CPU.ActiveCfg = Release|Any CPU
		{CCA7C947-BC49-45CA-BDD6-58324A896B56}.Release|Any CPU.Build.0 = Release|Any CPU
		{12478527-6EC7-41F0-81C5-F50B0727579B}.Debug|Any CPU.ActiveCfg = Debug|Any CPU
		{12478527-6EC7-41F0-81C5-F50B0727579B}.Debug|Any CPU.Build.0 = Debug|Any CPU
		{12478527-6EC7-41F0-81C5-F50B0727579B}.Release|Any CPU.ActiveCfg = Release|Any CPU
		{12478527-6EC7-41F0-81C5-F50B0727579B}.Release|Any CPU.Build.0 = Release|Any CPU
		{F115B581-E377-438C-991B-94CA867E8DC2}.Debug|Any CPU.ActiveCfg = Debug|Any CPU
		{F115B581-E377-438C-991B-94CA867E8DC2}.Debug|Any CPU.Build.0 = Debug|Any CPU
		{F115B581-E377-438C-991B-94CA867E8DC2}.Release|Any CPU.ActiveCfg = Release|Any CPU
		{F115B581-E377-438C-991B-94CA867E8DC2}.Release|Any CPU.Build.0 = Release|Any CPU
	EndGlobalSection
	GlobalSection(SolutionProperties) = preSolution
		HideSolutionNode = FALSE
	EndGlobalSection
	GlobalSection(ExtensibilityGlobals) = postSolution
		SolutionGuid = {05D869DE-ACEE-480B-8421-B3C0DCE71CD2}
	EndGlobalSection
EndGlobal
